Microsoft Visual Studio Solution File, Format Version 12.00
# Visual Studio Version 17
VisualStudioVersion = 17.0.31903.59
MinimumVisualStudioVersion = 10.0.40219.1
Project("{FAE04EC0-301F-11D3-BF4B-00C04F79EFBC}") = "Client.App", "src/Client.App/Client.App.csproj", "{C53458A2-8048-4480-BEEA-EFB6733E1727}"
EndProject
Project("{FAE04EC0-301F-11D3-BF4B-00C04F79EFBC}") = "Client.Domain", "src/Client.Domain/Client.Domain.csproj", "{B459809A-B0F6-4A1B-B2D3-E9C6CE7CE0B4}"
EndProject
Project("{FAE04EC0-301F-11D3-BF4B-00C04F79EFBC}") = "Client.Infrastructure", "src/Client.Infrastructure/Client.Infrastructure.csproj", "{67B510CD-D432-411A-A4D5-E08A89A77D06}"
EndProject
Project("{FAE04EC0-301F-11D3-BF4B-00C04F79EFBC}") = "Client.Domain.Tests", "tests/Client.Domain.Tests/Client.Domain.Tests.csproj", "{2D2D8D64-4323-4B16-9EC0-19D67F72CDE0}"
EndProject
Project("{FAE04EC0-301F-11D3-BF4B-00C04F79EFBC}") = "Client.Infrastructure.Tests", "tests/Client.Infrastructure.Tests/Client.Infrastructure.Tests.csproj", "{6ED35A67-63CD-4D31-B72A-DF38FE7A8184}"
EndProject
Global
	GlobalSection(SolutionConfigurationPlatforms) = preSolution
		Debug|Any CPU = Debug|Any CPU
		Release|Any CPU = Release|Any CPU
	EndGlobalSection
	GlobalSection(ProjectConfigurationPlatforms) = postSolution
		{C53458A2-8048-4480-BEEA-EFB6733E1727}.Debug|Any CPU.ActiveCfg = Debug|Any CPU
		{C53458A2-8048-4480-BEEA-EFB6733E1727}.Debug|Any CPU.Build.0 = Debug|Any CPU
		{C53458A2-8048-4480-BEEA-EFB6733E1727}.Release|Any CPU.ActiveCfg = Release|Any CPU
		{C53458A2-8048-4480-BEEA-EFB6733E1727}.Release|Any CPU.Build.0 = Release|Any CPU
		{B459809A-B0F6-4A1B-B2D3-E9C6CE7CE0B4}.Debug|Any CPU.ActiveCfg = Debug|Any CPU
		{B459809A-B0F6-4A1B-B2D3-E9C6CE7CE0B4}.Debug|Any CPU.Build.0 = Debug|Any CPU
		{B459809A-B0F6-4A1B-B2D3-E9C6CE7CE0B4}.Release|Any CPU.ActiveCfg = Release|Any CPU
		{B459809A-B0F6-4A1B-B2D3-E9C6CE7CE0B4}.Release|Any CPU.Build.0 = Release|Any CPU
		{67B510CD-D432-411A-A4D5-E08A89A77D06}.Debug|Any CPU.ActiveCfg = Debug|Any CPU
		{67B510CD-D432-411A-A4D5-E08A89A77D06}.Debug|Any CPU.Build.0 = Debug|Any CPU
		{67B510CD-D432-411A-A4D5-E08A89A77D06}.Release|Any CPU.ActiveCfg = Release|Any CPU
		{67B510CD-D432-411A-A4D5-E08A89A77D06}.Release|Any CPU.Build.0 = Release|Any CPU
		{2D2D8D64-4323-4B16-9EC0-19D67F72CDE0}.Debug|Any CPU.ActiveCfg = Debug|Any CPU
		{2D2D8D64-4323-4B16-9EC0-19D67F72CDE0}.Debug|Any CPU.Build.0 = Debug|Any CPU
		{2D2D8D64-4323-4B16-9EC0-19D67F72CDE0}.Release|Any CPU.ActiveCfg = Release|Any CPU
		{2D2D8D64-4323-4B16-9EC0-19D67F72CDE0}.Release|Any CPU.Build.0 = Release|Any CPU
		{6ED35A67-63CD-4D31-B72A-DF38FE7A8184}.Debug|Any CPU.ActiveCfg = Debug|Any CPU
		{6ED35A67-63CD-4D31-B72A-DF38FE7A8184}.Debug|Any CPU.Build.0 = Debug|Any CPU
		{6ED35A67-63CD-4D31-B72A-DF38FE7A8184}.Release|Any CPU.ActiveCfg = Release|Any CPU
		{6ED35A67-63CD-4D31-B72A-DF38FE7A8184}.Release|Any CPU.Build.0 = Release|Any CPU
	EndGlobalSection
EndGlobal
